
Microsoft Visual Studio Solution File, Format Version 12.00
# Visual Studio 15
VisualStudioVersion = 15.0.28307.852
MinimumVisualStudioVersion = 10.0.40219.1
Project("{FAE04EC0-301F-11D3-BF4B-00C04F79EFBC}") = "Chapter18.CustomerMaintenance", "Chapter18.CustomerMaintenance\Chapter18.CustomerMaintenance.csproj", "{AFB1AE6C-B6BD-4ADD-9825-4A68F9040E36}"
EndProject
Project("{FAE04EC0-301F-11D3-BF4B-00C04F79EFBC}") = "CustomerMaintenanceMVP", "CustomerMaintenanceMVP\CustomerMaintenanceMVP.csproj", "{ADFA6A89-F0FC-45CE-8A23-C3643AF726C8}"
EndProject
Global
	GlobalSection(SolutionConfigurationPlatforms) = preSolution
		Debug|Any CPU = Debug|Any CPU
		Release|Any CPU = Release|Any CPU
	EndGlobalSection
	GlobalSection(ProjectConfigurationPlatforms) = postSolution
		{AFB1AE6C-B6BD-4ADD-9825-4A68F9040E36}.Debug|Any CPU.ActiveCfg = Debug|Any CPU
		{AFB1AE6C-B6BD-4ADD-9825-4A68F9040E36}.Debug|Any CPU.Build.0 = Debug|Any CPU
		{AFB1AE6C-B6BD-4ADD-9825-4A68F9040E36}.Release|Any CPU.ActiveCfg = Release|Any CPU
		{AFB1AE6C-B6BD-4ADD-9825-4A68F9040E36}.Release|Any CPU.Build.0 = Release|Any CPU
		{ADFA6A89-F0FC-45CE-8A23-C3643AF726C8}.Debug|Any CPU.ActiveCfg = Debug|Any CPU
		{ADFA6A89-F0FC-45CE-8A23-C3643AF726C8}.Debug|Any CPU.Build.0 = Debug|Any CPU
		{ADFA6A89-F0FC-45CE-8A23-C3643AF726C8}.Release|Any CPU.ActiveCfg = Release|Any CPU
		{ADFA6A89-F0FC-45CE-8A23-C3643AF726C8}.Release|Any CPU.Build.0 = Release|Any CPU
	EndGlobalSection
	GlobalSection(SolutionProperties) = preSolution
		HideSolutionNode = FALSE
	EndGlobalSection
	GlobalSection(ExtensibilityGlobals) = postSolution
		SolutionGuid = {D92618AF-07C2-4E3B-82A9-4B06B2721FEB}
	EndGlobalSection
EndGlobal
